// !$*UTF8*$!
{
	archiveVersion = 1;
	classes = {
	};
	objectVersion = 55;
	objects = {

/* Begin PBXBuildFile section */
		2FA3C2E127F9B44B007EF8F4 /* LoginViewController.swift in Sources */ = {isa = PBXBuildFile; fileRef = 2FA3C2E027F9B44B007EF8F4 /* LoginViewController.swift */; };
		2FA3C2E327F9B7C1007EF8F4 /* RegisterViewController.swift in Sources */ = {isa = PBXBuildFile; fileRef = 2FA3C2E227F9B7C1007EF8F4 /* RegisterViewController.swift */; };
		2FA3C2E527F9C736007EF8F4 /* Color+Extension.swift in Sources */ = {isa = PBXBuildFile; fileRef = 2FA3C2E427F9C736007EF8F4 /* Color+Extension.swift */; };
		2FA3C2E727F9CE89007EF8F4 /* UIView+Extension.swift in Sources */ = {isa = PBXBuildFile; fileRef = 2FA3C2E627F9CE89007EF8F4 /* UIView+Extension.swift */; };
		2FA3C2E927F9CF12007EF8F4 /* UIViewController+Extension.swift in Sources */ = {isa = PBXBuildFile; fileRef = 2FA3C2E827F9CF12007EF8F4 /* UIViewController+Extension.swift */; };
		2FA3C2EB27F9D64E007EF8F4 /* UserInfo.swift in Sources */ = {isa = PBXBuildFile; fileRef = 2FA3C2EA27F9D64E007EF8F4 /* UserInfo.swift */; };
		2FBB939E27E55F3B000AA70E /* AppDelegate.swift in Sources */ = {isa = PBXBuildFile; fileRef = 2FBB939D27E55F3B000AA70E /* AppDelegate.swift */; };
		2FBB93A027E55F3B000AA70E /* SceneDelegate.swift in Sources */ = {isa = PBXBuildFile; fileRef = 2FBB939F27E55F3B000AA70E /* SceneDelegate.swift */; };
		2FBB93A527E55F3B000AA70E /* Main.storyboard in Resources */ = {isa = PBXBuildFile; fileRef = 2FBB93A327E55F3B000AA70E /* Main.storyboard */; };
		2FBB93A727E55F3C000AA70E /* Assets.xcassets in Resources */ = {isa = PBXBuildFile; fileRef = 2FBB93A627E55F3C000AA70E /* Assets.xcassets */; };
		2FBB93AA27E55F3C000AA70E /* LaunchScreen.storyboard in Resources */ = {isa = PBXBuildFile; fileRef = 2FBB93A827E55F3C000AA70E /* LaunchScreen.storyboard */; };
/* End PBXBuildFile section */

/* Begin PBXFileReference section */
		2FA3C2E027F9B44B007EF8F4 /* LoginViewController.swift */ = {isa = PBXFileReference; lastKnownFileType = sourcecode.swift; path = LoginViewController.swift; sourceTree = "<group>"; };
		2FA3C2E227F9B7C1007EF8F4 /* RegisterViewController.swift */ = {isa = PBXFileReference; lastKnownFileType = sourcecode.swift; path = RegisterViewController.swift; sourceTree = "<group>"; };
		2FA3C2E427F9C736007EF8F4 /* Color+Extension.swift */ = {isa = PBXFileReference; lastKnownFileType = sourcecode.swift; path = "Color+Extension.swift"; sourceTree = "<group>"; };
		2FA3C2E627F9CE89007EF8F4 /* UIView+Extension.swift */ = {isa = PBXFileReference; lastKnownFileType = sourcecode.swift; path = "UIView+Extension.swift"; sourceTree = "<group>"; };
		2FA3C2E827F9CF12007EF8F4 /* UIViewController+Extension.swift */ = {isa = PBXFileReference; lastKnownFileType = sourcecode.swift; path = "UIViewController+Extension.swift"; sourceTree = "<group>"; };
		2FA3C2EA27F9D64E007EF8F4 /* UserInfo.swift */ = {isa = PBXFileReference; lastKnownFileType = sourcecode.swift; path = UserInfo.swift; sourceTree = "<group>"; };
		2FBB939A27E55F3B000AA70E /* Catstagram.app */ = {isa = PBXFileReference; explicitFileType = wrapper.application; includeInIndex = 0; path = Catstagram.app; sourceTree = BUILT_PRODUCTS_DIR; };
		2FBB939D27E55F3B000AA70E /* AppDelegate.swift */ = {isa = PBXFileReference; lastKnownFileType = sourcecode.swift; path = AppDelegate.swift; sourceTree = "<group>"; };
		2FBB939F27E55F3B000AA70E /* SceneDelegate.swift */ = {isa = PBXFileReference; lastKnownFileType = sourcecode.swift; path = SceneDelegate.swift; sourceTree = "<group>"; };
		2FBB93A427E55F3B000AA70E /* Base */ = {isa = PBXFileReference; lastKnownFileType = file.storyboard; name = Base; path = Base.lproj/Main.storyboard; sourceTree = "<group>"; };
		2FBB93A627E55F3C000AA70E /* Assets.xcassets */ = {isa = PBXFileReference; lastKnownFileType = folder.assetcatalog; path = Assets.xcassets; sourceTree = "<group>"; };
		2FBB93A927E55F3C000AA70E /* Base */ = {isa = PBXFileReference; lastKnownFileType = file.storyboard; name = Base; path = Base.lproj/LaunchScreen.storyboard; sourceTree = "<group>"; };
		2FBB93AB27E55F3C000AA70E /* Info.plist */ = {isa = PBXFileReference; lastKnownFileType = text.plist.xml; path = Info.plist; sourceTree = "<group>"; };
/* End PBXFileReference section */

/* Begin PBXFrameworksBuildPhase section */
		2FBB939727E55F3B000AA70E /* Frameworks */ = {
			isa = PBXFrameworksBuildPhase;
			buildActionMask = 2147483647;
			files = (
			);
			runOnlyForDeploymentPostprocessing = 0;
		};
/* End PBXFrameworksBuildPhase section */

/* Begin PBXGroup section */
		2FBB939127E55F3B000AA70E = {
			isa = PBXGroup;
			children = (
				2FBB939C27E55F3B000AA70E /* Catstagram */,
				2FBB939B27E55F3B000AA70E /* Products */,
			);
			sourceTree = "<group>";
		};
		2FBB939B27E55F3B000AA70E /* Products */ = {
			isa = PBXGroup;
			children = (
				2FBB939A27E55F3B000AA70E /* Catstagram.app */,
			);
			name = Products;
			sourceTree = "<group>";
		};
		2FBB939C27E55F3B000AA70E /* Catstagram */ = {
			isa = PBXGroup;
			children = (
				2FBB939D27E55F3B000AA70E /* AppDelegate.swift */,
				2FBB939F27E55F3B000AA70E /* SceneDelegate.swift */,
				2FBB93A327E55F3B000AA70E /* Main.storyboard */,
				2FA3C2E827F9CF12007EF8F4 /* UIViewController+Extension.swift */,
				2FA3C2E227F9B7C1007EF8F4 /* RegisterViewController.swift */,
				2FA3C2EA27F9D64E007EF8F4 /* UserInfo.swift */,
				2FA3C2E627F9CE89007EF8F4 /* UIView+Extension.swift */,
				2FA3C2E427F9C736007EF8F4 /* Color+Extension.swift */,
				2FA3C2E027F9B44B007EF8F4 /* LoginViewController.swift */,
				2FBB93A627E55F3C000AA70E /* Assets.xcassets */,
				2FBB93A827E55F3C000AA70E /* LaunchScreen.storyboard */,
				2FBB93AB27E55F3C000AA70E /* Info.plist */,
			);
			path = Catstagram;
			sourceTree = "<group>";
		};
/* End PBXGroup section */

/* Begin PBXNativeTarget section */
		2FBB939927E55F3B000AA70E /* Catstagram */ = {
			isa = PBXNativeTarget;
			buildConfigurationList = 2FBB93AE27E55F3C000AA70E /* Build configuration list for PBXNativeTarget "Catstagram" */;
			buildPhases = (
				2FBB939627E55F3B000AA70E /* Sources */,
				2FBB939727E55F3B000AA70E /* Frameworks */,
				2FBB939827E55F3B000AA70E /* Resources */,
			);
			buildRules = (
			);
			dependencies = (
			);
			name = Catstagram;
			productName = Catstagram;
			productReference = 2FBB939A27E55F3B000AA70E /* Catstagram.app */;
			productType = "com.apple.product-type.application";
		};
/* End PBXNativeTarget section */

/* Begin PBXProject section */
		2FBB939227E55F3B000AA70E /* Project object */ = {
			isa = PBXProject;
			attributes = {
				BuildIndependentTargetsInParallel = 1;
				LastSwiftUpdateCheck = 1320;
				LastUpgradeCheck = 1320;
				TargetAttributes = {
					2FBB939927E55F3B000AA70E = {
						CreatedOnToolsVersion = 13.2.1;
					};
				};
			};
			buildConfigurationList = 2FBB939527E55F3B000AA70E /* Build configuration list for PBXProject "Catstagram" */;
			compatibilityVersion = "Xcode 13.0";
			developmentRegion = en;
			hasScannedForEncodings = 0;
			knownRegions = (
				en,
				Base,
			);
			mainGroup = 2FBB939127E55F3B000AA70E;
			productRefGroup = 2FBB939B27E55F3B000AA70E /* Products */;
			projectDirPath = "";
			projectRoot = "";
			targets = (
				2FBB939927E55F3B000AA70E /* Catstagram */,
			);
		};
/* End PBXProject section */

/* Begin PBXResourcesBuildPhase section */
		2FBB939827E55F3B000AA70E /* Resources */ = {
			isa = PBXResourcesBuildPhase;
			buildActionMask = 2147483647;
			files = (
				2FBB93AA27E55F3C000AA70E /* LaunchScreen.storyboard in Resources */,
				2FBB93A727E55F3C000AA70E /* Assets.xcassets in Resources */,
				2FBB93A527E55F3B000AA70E /* Main.storyboard in Resources */,
			);
			runOnlyForDeploymentPostprocessing = 0;
		};
/* End PBXResourcesBuildPhase section */

/* Begin PBXSourcesBuildPhase section */
		2FBB939627E55F3B000AA70E /* Sources */ = {
			isa = PBXSourcesBuildPhase;
			buildActionMask = 2147483647;
			files = (
				2FA3C2E727F9CE89007EF8F4 /* UIView+Extension.swift in Sources */,
				2FA3C2E127F9B44B007EF8F4 /* LoginViewController.swift in Sources */,
				2FA3C2E527F9C736007EF8F4 /* Color+Extension.swift in Sources */,
				2FBB939E27E55F3B000AA70E /* AppDelegate.swift in Sources */,
				2FA3C2EB27F9D64E007EF8F4 /* UserInfo.swift in Sources */,
				2FA3C2E927F9CF12007EF8F4 /* UIViewController+Extension.swift in Sources */,
				2FBB93A027E55F3B000AA70E /* SceneDelegate.swift in Sources */,
				2FA3C2E327F9B7C1007EF8F4 /* RegisterViewController.swift in Sources */,
			);
			runOnlyForDeploymentPostprocessing = 0;
		};
/* End PBXSourcesBuildPhase section */

/* Begin PBXVariantGroup section */
		2FBB93A327E55F3B000AA70E /* Main.storyboard */ = {
			isa = PBXVariantGroup;
			children = (
				2FBB93A427E55F3B000AA70E /* Base */,
			);
			name = Main.storyboard;
			sourceTree = "<group>";
		};
		2FBB93A827E55F3C000AA70E /* LaunchScreen.storyboard */ = {
			isa = PBXVariantGroup;
			children = (
				2FBB93A927E55F3C000AA70E /* Base */,
			);
			name = LaunchScreen.storyboard;
			sourceTree = "<group>";
		};
/* End PBXVariantGroup section */

/* Begin XCBuildConfiguration section */
		2FBB93AC27E55F3C000AA70E /* Debug */ = {
			isa = XCBuildConfiguration;
			buildSettings = {
				ALWAYS_SEARCH_USER_PATHS = NO;
				CLANG_ANALYZER_NONNULL = YES;
				CLANG_ANALYZER_NUMBER_OBJECT_CONVERSION = YES_AGGRESSIVE;
				CLANG_CXX_LANGUAGE_STANDARD = "gnu++17";
				CLANG_CXX_LIBRARY = "libc++";
				CLANG_ENABLE_MODULES = YES;
				CLANG_ENABLE_OBJC_ARC = YES;
				CLANG_ENABLE_OBJC_WEAK = YES;
				CLANG_WARN_BLOCK_CAPTURE_AUTORELEASING = YES;
				CLANG_WARN_BOOL_CONVERSION = YES;
				CLANG_WARN_COMMA = YES;
				CLANG_WARN_CONSTANT_CONVERSION = YES;
				CLANG_WARN_DEPRECATED_OBJC_IMPLEMENTATIONS = YES;
				CLANG_WARN_DIRECT_OBJC_ISA_USAGE = YES_ERROR;
				CLANG_WARN_DOCUMENTATION_COMMENTS = YES;
				CLANG_WARN_EMPTY_BODY = YES;
				CLANG_WARN_ENUM_CONVERSION = YES;
				CLANG_WARN_INFINITE_RECURSION = YES;
				CLANG_WARN_INT_CONVERSION = YES;
				CLANG_WARN_NON_LITERAL_NULL_CONVERSION = YES;
				CLANG_WARN_OBJC_IMPLICIT_RETAIN_SELF = YES;
				CLANG_WARN_OBJC_LITERAL_CONVERSION = YES;
				CLANG_WARN_OBJC_ROOT_CLASS = YES_ERROR;
				CLANG_WARN_QUOTED_INCLUDE_IN_FRAMEWORK_HEADER = YES;
				CLANG_WARN_RANGE_LOOP_ANALYSIS = YES;
				CLANG_WARN_STRICT_PROTOTYPES = YES;
				CLANG_WARN_SUSPICIOUS_MOVE = YES;
				CLANG_WARN_UNGUARDED_AVAILABILITY = YES_AGGRESSIVE;
				CLANG_WARN_UNREACHABLE_CODE = YES;
				CLANG_WARN__DUPLICATE_METHOD_MATCH = YES;
				COPY_PHASE_STRIP = NO;
				DEBUG_INFORMATION_FORMAT = dwarf;
				ENABLE_STRICT_OBJC_MSGSEND = YES;
				ENABLE_TESTABILITY = YES;
				GCC_C_LANGUAGE_STANDARD = gnu11;
				GCC_DYNAMIC_NO_PIC = NO;
				GCC_NO_COMMON_BLOCKS = YES;
				GCC_OPTIMIZATION_LEVEL = 0;
				GCC_PREPROCESSOR_DEFINITIONS = (
					"DEBUG=1",
					"$(inherited)",
				);
				GCC_WARN_64_TO_32_BIT_CONVERSION = YES;
				GCC_WARN_ABOUT_RETURN_TYPE = YES_ERROR;
				GCC_WARN_UNDECLARED_SELECTOR = YES;
				GCC_WARN_UNINITIALIZED_AUTOS = YES_AGGRESSIVE;
				GCC_WARN_UNUSED_FUNCTION = YES;
				GCC_WARN_UNUSED_VARIABLE = YES;
				IPHONEOS_DEPLOYMENT_TARGET = 15.2;
				MTL_ENABLE_DEBUG_INFO = INCLUDE_SOURCE;
				MTL_FAST_MATH = YES;
				ONLY_ACTIVE_ARCH = YES;
				SDKROOT = iphoneos;
				SWIFT_ACTIVE_COMPILATION_CONDITIONS = DEBUG;
				SWIFT_OPTIMIZATION_LEVEL = "-Onone";
			};
			name = Debug;
		};
		2FBB93AD27E55F3C000AA70E /* Release */ = {
			isa = XCBuildConfiguration;
			buildSettings = {
				ALWAYS_SEARCH_USER_PATHS = NO;
				CLANG_ANALYZER_NONNULL = YES;
				CLANG_ANALYZER_NUMBER_OBJECT_CONVERSION = YES_AGGRESSIVE;
				CLANG_CXX_LANGUAGE_STANDARD = "gnu++17";
				CLANG_CXX_LIBRARY = "libc++";
				CLANG_ENABLE_MODULES = YES;
				CLANG_ENABLE_OBJC_ARC = YES;
				CLANG_ENABLE_OBJC_WEAK = YES;
				CLANG_WARN_BLOCK_CAPTURE_AUTORELEASING = YES;
				CLANG_WARN_BOOL_CONVERSION = YES;
				CLANG_WARN_COMMA = YES;
				CLANG_WARN_CONSTANT_CONVERSION = YES;
				CLANG_WARN_DEPRECATED_OBJC_IMPLEMENTATIONS = YES;
				CLANG_WARN_DIRECT_OBJC_ISA_USAGE = YES_ERROR;
				CLANG_WARN_DOCUMENTATION_COMMENTS = YES;
				CLANG_WARN_EMPTY_BODY = YES;
				CLANG_WARN_ENUM_CONVERSION = YES;
				CLANG_WARN_INFINITE_RECURSION = YES;
				CLANG_WARN_INT_CONVERSION = YES;
				CLANG_WARN_NON_LITERAL_NULL_CONVERSION = YES;
				CLANG_WARN_OBJC_IMPLICIT_RETAIN_SELF = YES;
				CLANG_WARN_OBJC_LITERAL_CONVERSION = YES;
				CLANG_WARN_OBJC_ROOT_CLASS = YES_ERROR;
				CLANG_WARN_QUOTED_INCLUDE_IN_FRAMEWORK_HEADER = YES;
				CLANG_WARN_RANGE_LOOP_ANALYSIS = YES;
				CLANG_WARN_STRICT_PROTOTYPES = YES;
				CLANG_WARN_SUSPICIOUS_MOVE = YES;
				CLANG_WARN_UNGUARDED_AVAILABILITY = YES_AGGRESSIVE;
				CLANG_WARN_UNREACHABLE_CODE = YES;
				CLANG_WARN__DUPLICATE_METHOD_MATCH = YES;
				COPY_PHASE_STRIP = NO;
				DEBUG_INFORMATION_FORMAT = "dwarf-with-dsym";
				ENABLE_NS_ASSERTIONS = NO;
				ENABLE_STRICT_OBJC_MSGSEND = YES;
				GCC_C_LANGUAGE_STANDARD = gnu11;
				GCC_NO_COMMON_BLOCKS = YES;
				GCC_WARN_64_TO_32_BIT_CONVERSION = YES;
				GCC_WARN_ABOUT_RETURN_TYPE = YES_ERROR;
				GCC_WARN_UNDECLARED_SELECTOR = YES;
				GCC_WARN_UNINITIALIZED_AUTOS = YES_AGGRESSIVE;
				GCC_WARN_UNUSED_FUNCTION = YES;
				GCC_WARN_UNUSED_VARIABLE = YES;
				IPHONEOS_DEPLOYMENT_TARGET = 15.2;
				MTL_ENABLE_DEBUG_INFO = NO;
				MTL_FAST_MATH = YES;
				SDKROOT = iphoneos;
				SWIFT_COMPILATION_MODE = wholemodule;
				SWIFT_OPTIMIZATION_LEVEL = "-O";
				VALIDATE_PRODUCT = YES;
			};
			name = Release;
		};
		2FBB93AF27E55F3C000AA70E /* Debug */ = {
			isa = XCBuildConfiguration;
			buildSettings = {
				ASSETCATALOG_COMPILER_APPICON_NAME = AppIcon;
				ASSETCATALOG_COMPILER_GLOBAL_ACCENT_COLOR_NAME = AccentColor;
				CODE_SIGN_STYLE = Automatic;
				CURRENT_PROJECT_VERSION = 1;
				GENERATE_INFOPLIST_FILE = YES;
				INFOPLIST_FILE = Catstagram/Info.plist;
				INFOPLIST_KEY_UIApplicationSupportsIndirectInputEvents = YES;
				INFOPLIST_KEY_UILaunchStoryboardName = LaunchScreen;
				INFOPLIST_KEY_UIMainStoryboardFile = Main;
				INFOPLIST_KEY_UISupportedInterfaceOrientations_iPad = "UIInterfaceOrientationPortrait UIInterfaceOrientationPortraitUpsideDown UIInterfaceOrientationLandscapeLeft UIInterfaceOrientationLandscapeRight";
				INFOPLIST_KEY_UISupportedInterfaceOrientations_iPhone = "UIInterfaceOrientationPortrait UIInterfaceOrientationLandscapeLeft UIInterfaceOrientationLandscapeRight";
				LD_RUNPATH_SEARCH_PATHS = (
					"$(inherited)",
					"@executable_path/Frameworks",
				);
				MARKETING_VERSION = 1.0;
				PRODUCT_BUNDLE_IDENTIFIER = umc.rachel.Catstagram;
				PRODUCT_NAME = "$(TARGET_NAME)";
				SWIFT_EMIT_LOC_STRINGS = YES;
				SWIFT_VERSION = 5.0;
				TARGETED_DEVICE_FAMILY = "1,2";
			};
			name = Debug;
		};
		2FBB93B027E55F3C000AA70E /* Release */ = {
			isa = XCBuildConfiguration;
			buildSettings = {
				ASSETCATALOG_COMPILER_APPICON_NAME = AppIcon;
				ASSETCATALOG_COMPILER_GLOBAL_ACCENT_COLOR_NAME = AccentColor;
				CODE_SIGN_STYLE = Automatic;
				CURRENT_PROJECT_VERSION = 1;
				GENERATE_INFOPLIST_FILE = YES;
				INFOPLIST_FILE = Catstagram/Info.plist;
				INFOPLIST_KEY_UIApplicationSupportsIndirectInputEvents = YES;
				INFOPLIST_KEY_UILaunchStoryboardName = LaunchScreen;
				INFOPLIST_KEY_UIMainStoryboardFile = Main;
				INFOPLIST_KEY_UISupportedInterfaceOrientations_iPad = "UIInterfaceOrientationPortrait UIInterfaceOrientationPortraitUpsideDown UIInterfaceOrientationLandscapeLeft UIInterfaceOrientationLandscapeRight";
				INFOPLIST_KEY_UISupportedInterfaceOrientations_iPhone = "UIInterfaceOrientationPortrait UIInterfaceOrientationLandscapeLeft UIInterfaceOrientationLandscapeRight";
				LD_RUNPATH_SEARCH_PATHS = (
					"$(inherited)",
					"@executable_path/Frameworks",
				);
				MARKETING_VERSION = 1.0;
				PRODUCT_BUNDLE_IDENTIFIER = umc.rachel.Catstagram;
				PRODUCT_NAME = "$(TARGET_NAME)";
				SWIFT_EMIT_LOC_STRINGS = YES;
				SWIFT_VERSION = 5.0;
				TARGETED_DEVICE_FAMILY = "1,2";
			};
			name = Release;
		};
/* End XCBuildConfiguration section */

/* Begin XCConfigurationList section */
		2FBB939527E55F3B000AA70E /* Build configuration list for PBXProject "Catstagram" */ = {
			isa = XCConfigurationList;
			buildConfigurations = (
				2FBB93AC27E55F3C000AA70E /* Debug */,
				2FBB93AD27E55F3C000AA70E /* Release */,
			);
			defaultConfigurationIsVisible = 0;
			defaultConfigurationName = Release;
		};
		2FBB93AE27E55F3C000AA70E /* Build configuration list for PBXNativeTarget "Catstagram" */ = {
			isa = XCConfigurationList;
			buildConfigurations = (
				2FBB93AF27E55F3C000AA70E /* Debug */,
				2FBB93B027E55F3C000AA70E /* Release */,
			);
			defaultConfigurationIsVisible = 0;
			defaultConfigurationName = Release;
		};
/* End XCConfigurationList section */
	};
	rootObject = 2FBB939227E55F3B000AA70E /* Project object */;
}
